
Microsoft Visual Studio Solution File, Format Version 12.00
# Visual Studio Version 16
VisualStudioVersion = 16.0.33027.164
MinimumVisualStudioVersion = 10.0.40219.1
Project("{FAE04EC0-301F-11D3-BF4B-00C04F79EFBC}") = "newm", "newm\newm.csproj", "{7486FD17-1D32-48DC-961C-93D79D9FE03E}"
EndProject
Global
	GlobalSection(SolutionConfigurationPlatforms) = preSolution
		Debug|Any CPU = Debug|Any CPU
		Release|Any CPU = Release|Any CPU
	EndGlobalSection
	GlobalSection(ProjectConfigurationPlatforms) = postSolution
		{7486FD17-1D32-48DC-961C-93D79D9FE03E}.Debug|Any CPU.ActiveCfg = Debug|Any CPU
		{7486FD17-1D32-48DC-961C-93D79D9FE03E}.Debug|Any CPU.Build.0 = Debug|Any CPU
		{7486FD17-1D32-48DC-961C-93D79D9FE03E}.Release|Any CPU.ActiveCfg = Release|Any CPU
		{7486FD17-1D32-48DC-961C-93D79D9FE03E}.Release|Any CPU.Build.0 = Release|Any CPU
	EndGlobalSection
	GlobalSection(SolutionProperties) = preSolution
		HideSolutionNode = FALSE
	EndGlobalSection
	GlobalSection(ExtensibilityGlobals) = postSolution
		SolutionGuid = {E0D8D353-6B7B-4492-9403-59515FBE18A9}
	EndGlobalSection
EndGlobal
